// !$*UTF8*$!
{
	archiveVersion = 1;
	classes = {
	};
	objectVersion = 55;
	objects = {

/* Begin PBXBuildFile section */
		BA4F03A527FC2ECD0086E949 /* CoreData.xcdatamodeld in Sources */ = {isa = PBXBuildFile; fileRef = BA4F03A327FC2ECD0086E949 /* CoreData.xcdatamodeld */; };
		BA4F03A827FC4E2D0086E949 /* SavedCell.swift in Sources */ = {isa = PBXBuildFile; fileRef = BA4F03A627FC4E2D0086E949 /* SavedCell.swift */; };
		BA4F03A927FC4E2D0086E949 /* SavedCell.xib in Resources */ = {isa = PBXBuildFile; fileRef = BA4F03A727FC4E2D0086E949 /* SavedCell.xib */; };
		BA4F03B827FD92D70086E949 /* HomeViewModelTests.swift in Sources */ = {isa = PBXBuildFile; fileRef = BA4F03B727FD92D70086E949 /* HomeViewModelTests.swift */; };
		BA4F03BB27FD9BB90086E949 /* CharacterDetailViewModelTests.swift in Sources */ = {isa = PBXBuildFile; fileRef = BA4F03BA27FD9BB90086E949 /* CharacterDetailViewModelTests.swift */; };
		BA4F03BD27FDA3BF0086E949 /* SavedViewModelTests.swift in Sources */ = {isa = PBXBuildFile; fileRef = BA4F03BC27FDA3BF0086E949 /* SavedViewModelTests.swift */; };
		BA5213DF27EDB98200A631A7 /* AppDelegate.swift in Sources */ = {isa = PBXBuildFile; fileRef = BA5213DE27EDB98200A631A7 /* AppDelegate.swift */; };
		BA5213E127EDB98200A631A7 /* SceneDelegate.swift in Sources */ = {isa = PBXBuildFile; fileRef = BA5213E027EDB98200A631A7 /* SceneDelegate.swift */; };
		BA5213E827EDB98300A631A7 /* Assets.xcassets in Resources */ = {isa = PBXBuildFile; fileRef = BA5213E727EDB98300A631A7 /* Assets.xcassets */; };
		BA5213EB27EDB98300A631A7 /* LaunchScreen.storyboard in Resources */ = {isa = PBXBuildFile; fileRef = BA5213E927EDB98300A631A7 /* LaunchScreen.storyboard */; };
		BA5213F827EDB9D200A631A7 /* WebServices.swift in Sources */ = {isa = PBXBuildFile; fileRef = BA5213F727EDB9D200A631A7 /* WebServices.swift */; };
		BA5213FA27EDBA6700A631A7 /* CharactersModel.swift in Sources */ = {isa = PBXBuildFile; fileRef = BA5213F927EDBA6700A631A7 /* CharactersModel.swift */; };
		BA5213FD27EDC24900A631A7 /* HomeViewController.swift in Sources */ = {isa = PBXBuildFile; fileRef = BA5213FC27EDC24900A631A7 /* HomeViewController.swift */; };
		BA5213FF27EDC26700A631A7 /* Home.storyboard in Resources */ = {isa = PBXBuildFile; fileRef = BA5213FE27EDC26700A631A7 /* Home.storyboard */; };
		BA52140127EDC2E600A631A7 /* HomeViewModel.swift in Sources */ = {isa = PBXBuildFile; fileRef = BA52140027EDC2E600A631A7 /* HomeViewModel.swift */; };
		BA52140427EDC59B00A631A7 /* CharacterDetailViewController.swift in Sources */ = {isa = PBXBuildFile; fileRef = BA52140327EDC59B00A631A7 /* CharacterDetailViewController.swift */; };
		BA52140627EDC5F000A631A7 /* CharacterDetail.storyboard in Resources */ = {isa = PBXBuildFile; fileRef = BA52140527EDC5F000A631A7 /* CharacterDetail.storyboard */; };
		BA52140E27EDCD3400A631A7 /* CharacterCell.swift in Sources */ = {isa = PBXBuildFile; fileRef = BA52140C27EDCD3400A631A7 /* CharacterCell.swift */; };
		BA52140F27EDCD3400A631A7 /* CharacterCell.xib in Resources */ = {isa = PBXBuildFile; fileRef = BA52140D27EDCD3400A631A7 /* CharacterCell.xib */; };
		BA52141227EDDDCE00A631A7 /* SDWebImage in Frameworks */ = {isa = PBXBuildFile; productRef = BA52141127EDDDCE00A631A7 /* SDWebImage */; };
		BA52141427EDFAE700A631A7 /* CharacterDetailViewModel.swift in Sources */ = {isa = PBXBuildFile; fileRef = BA52141327EDFAE700A631A7 /* CharacterDetailViewModel.swift */; };
		BA587D5E27FC2732000F8D8C /* Saved.storyboard in Resources */ = {isa = PBXBuildFile; fileRef = BA587D5D27FC2732000F8D8C /* Saved.storyboard */; };
		BA587D6027FC2741000F8D8C /* SavedViewController.swift in Sources */ = {isa = PBXBuildFile; fileRef = BA587D5F27FC2741000F8D8C /* SavedViewController.swift */; };
		BA587D6227FC2A42000F8D8C /* SavedViewModel.swift in Sources */ = {isa = PBXBuildFile; fileRef = BA587D6127FC2A42000F8D8C /* SavedViewModel.swift */; };
/* End PBXBuildFile section */

/* Begin PBXContainerItemProxy section */
		BA4F03B227FD92990086E949 /* PBXContainerItemProxy */ = {
			isa = PBXContainerItemProxy;
			containerPortal = BA5213D327EDB98200A631A7 /* Project object */;
			proxyType = 1;
			remoteGlobalIDString = BA5213DA27EDB98200A631A7;
			remoteInfo = RickAndMortyApp;
		};
/* End PBXContainerItemProxy section */

/* Begin PBXFileReference section */
		BA4F03A427FC2ECD0086E949 /* CoreData.xcdatamodel */ = {isa = PBXFileReference; lastKnownFileType = wrapper.xcdatamodel; path = CoreData.xcdatamodel; sourceTree = "<group>"; };
		BA4F03A627FC4E2D0086E949 /* SavedCell.swift */ = {isa = PBXFileReference; lastKnownFileType = sourcecode.swift; path = SavedCell.swift; sourceTree = "<group>"; };
		BA4F03A727FC4E2D0086E949 /* SavedCell.xib */ = {isa = PBXFileReference; lastKnownFileType = file.xib; path = SavedCell.xib; sourceTree = "<group>"; };
		BA4F03AE27FD92990086E949 /* RickAndMortyAppTests.xctest */ = {isa = PBXFileReference; explicitFileType = wrapper.cfbundle; includeInIndex = 0; path = RickAndMortyAppTests.xctest; sourceTree = BUILT_PRODUCTS_DIR; };
		BA4F03B727FD92D70086E949 /* HomeViewModelTests.swift */ = {isa = PBXFileReference; lastKnownFileType = sourcecode.swift; path = HomeViewModelTests.swift; sourceTree = "<group>"; };
		BA4F03BA27FD9BB90086E949 /* CharacterDetailViewModelTests.swift */ = {isa = PBXFileReference; lastKnownFileType = sourcecode.swift; path = CharacterDetailViewModelTests.swift; sourceTree = "<group>"; };
		BA4F03BC27FDA3BF0086E949 /* SavedViewModelTests.swift */ = {isa = PBXFileReference; lastKnownFileType = sourcecode.swift; path = SavedViewModelTests.swift; sourceTree = "<group>"; };
		BA5213DB27EDB98200A631A7 /* RickAndMortyApp.app */ = {isa = PBXFileReference; explicitFileType = wrapper.application; includeInIndex = 0; path = RickAndMortyApp.app; sourceTree = BUILT_PRODUCTS_DIR; };
		BA5213DE27EDB98200A631A7 /* AppDelegate.swift */ = {isa = PBXFileReference; lastKnownFileType = sourcecode.swift; path = AppDelegate.swift; sourceTree = "<group>"; };
		BA5213E027EDB98200A631A7 /* SceneDelegate.swift */ = {isa = PBXFileReference; lastKnownFileType = sourcecode.swift; path = SceneDelegate.swift; sourceTree = "<group>"; };
		BA5213E727EDB98300A631A7 /* Assets.xcassets */ = {isa = PBXFileReference; lastKnownFileType = folder.assetcatalog; path = Assets.xcassets; sourceTree = "<group>"; };
		BA5213EA27EDB98300A631A7 /* Base */ = {isa = PBXFileReference; lastKnownFileType = file.storyboard; name = Base; path = Base.lproj/LaunchScreen.storyboard; sourceTree = "<group>"; };
		BA5213EC27EDB98300A631A7 /* Info.plist */ = {isa = PBXFileReference; lastKnownFileType = text.plist.xml; path = Info.plist; sourceTree = "<group>"; };
		BA5213F727EDB9D200A631A7 /* WebServices.swift */ = {isa = PBXFileReference; lastKnownFileType = sourcecode.swift; path = WebServices.swift; sourceTree = "<group>"; };
		BA5213F927EDBA6700A631A7 /* CharactersModel.swift */ = {isa = PBXFileReference; lastKnownFileType = sourcecode.swift; path = CharactersModel.swift; sourceTree = "<group>"; };
		BA5213FC27EDC24900A631A7 /* HomeViewController.swift */ = {isa = PBXFileReference; lastKnownFileType = sourcecode.swift; path = HomeViewController.swift; sourceTree = "<group>"; };
		BA5213FE27EDC26700A631A7 /* Home.storyboard */ = {isa = PBXFileReference; lastKnownFileType = file.storyboard; path = Home.storyboard; sourceTree = "<group>"; };
		BA52140027EDC2E600A631A7 /* HomeViewModel.swift */ = {isa = PBXFileReference; lastKnownFileType = sourcecode.swift; path = HomeViewModel.swift; sourceTree = "<group>"; };
		BA52140327EDC59B00A631A7 /* CharacterDetailViewController.swift */ = {isa = PBXFileReference; lastKnownFileType = sourcecode.swift; path = CharacterDetailViewController.swift; sourceTree = "<group>"; };
		BA52140527EDC5F000A631A7 /* CharacterDetail.storyboard */ = {isa = PBXFileReference; lastKnownFileType = file.storyboard; path = CharacterDetail.storyboard; sourceTree = "<group>"; };
		BA52140C27EDCD3400A631A7 /* CharacterCell.swift */ = {isa = PBXFileReference; lastKnownFileType = sourcecode.swift; path = CharacterCell.swift; sourceTree = "<group>"; };
		BA52140D27EDCD3400A631A7 /* CharacterCell.xib */ = {isa = PBXFileReference; lastKnownFileType = file.xib; path = CharacterCell.xib; sourceTree = "<group>"; };
		BA52141327EDFAE700A631A7 /* CharacterDetailViewModel.swift */ = {isa = PBXFileReference; lastKnownFileType = sourcecode.swift; path = CharacterDetailViewModel.swift; sourceTree = "<group>"; };
		BA587D5D27FC2732000F8D8C /* Saved.storyboard */ = {isa = PBXFileReference; lastKnownFileType = file.storyboard; path = Saved.storyboard; sourceTree = "<group>"; };
		BA587D5F27FC2741000F8D8C /* SavedViewController.swift */ = {isa = PBXFileReference; lastKnownFileType = sourcecode.swift; path = SavedViewController.swift; sourceTree = "<group>"; };
		BA587D6127FC2A42000F8D8C /* SavedViewModel.swift */ = {isa = PBXFileReference; lastKnownFileType = sourcecode.swift; path = SavedViewModel.swift; sourceTree = "<group>"; };
/* End PBXFileReference section */

/* Begin PBXFrameworksBuildPhase section */
		BA4F03AB27FD92990086E949 /* Frameworks */ = {
			isa = PBXFrameworksBuildPhase;
			buildActionMask = 2147483647;
			files = (
			);
			runOnlyForDeploymentPostprocessing = 0;
		};
		BA5213D827EDB98200A631A7 /* Frameworks */ = {
			isa = PBXFrameworksBuildPhase;
			buildActionMask = 2147483647;
			files = (
				BA52141227EDDDCE00A631A7 /* SDWebImage in Frameworks */,
			);
			runOnlyForDeploymentPostprocessing = 0;
		};
/* End PBXFrameworksBuildPhase section */

/* Begin PBXGroup section */
		BA4F03AF27FD92990086E949 /* RickAndMortyAppTests */ = {
			isa = PBXGroup;
			children = (
				BA4F03B727FD92D70086E949 /* HomeViewModelTests.swift */,
				BA4F03BA27FD9BB90086E949 /* CharacterDetailViewModelTests.swift */,
				BA4F03BC27FDA3BF0086E949 /* SavedViewModelTests.swift */,
			);
			path = RickAndMortyAppTests;
			sourceTree = "<group>";
		};
		BA5213D227EDB98200A631A7 = {
			isa = PBXGroup;
			children = (
				BA5213DD27EDB98200A631A7 /* RickAndMortyApp */,
				BA4F03AF27FD92990086E949 /* RickAndMortyAppTests */,
				BA5213DC27EDB98200A631A7 /* Products */,
			);
			sourceTree = "<group>";
		};
		BA5213DC27EDB98200A631A7 /* Products */ = {
			isa = PBXGroup;
			children = (
				BA5213DB27EDB98200A631A7 /* RickAndMortyApp.app */,
				BA4F03AE27FD92990086E949 /* RickAndMortyAppTests.xctest */,
			);
			name = Products;
			sourceTree = "<group>";
		};
		BA5213DD27EDB98200A631A7 /* RickAndMortyApp */ = {
			isa = PBXGroup;
			children = (
				BA5213F227EDB99500A631A7 /* Services */,
				BA5213F627EDB9AB00A631A7 /* Models */,
				BA5213F427EDB9A000A631A7 /* Supports */,
				BA5213F327EDB99A00A631A7 /* Resources */,
				BA5213F527EDB9A600A631A7 /* UI */,
				BA5213E927EDB98300A631A7 /* LaunchScreen.storyboard */,
			);
			path = RickAndMortyApp;
			sourceTree = "<group>";
		};
		BA5213F227EDB99500A631A7 /* Services */ = {
			isa = PBXGroup;
			children = (
				BA5213F727EDB9D200A631A7 /* WebServices.swift */,
			);
			path = Services;
			sourceTree = "<group>";
		};
		BA5213F327EDB99A00A631A7 /* Resources */ = {
			isa = PBXGroup;
			children = (
				BA4F03A327FC2ECD0086E949 /* CoreData.xcdatamodeld */,
			);
			path = Resources;
			sourceTree = "<group>";
		};
		BA5213F427EDB9A000A631A7 /* Supports */ = {
			isa = PBXGroup;
			children = (
				BA5213E727EDB98300A631A7 /* Assets.xcassets */,
				BA5213EC27EDB98300A631A7 /* Info.plist */,
				BA5213DE27EDB98200A631A7 /* AppDelegate.swift */,
				BA5213E027EDB98200A631A7 /* SceneDelegate.swift */,
			);
			path = Supports;
			sourceTree = "<group>";
		};
		BA5213F527EDB9A600A631A7 /* UI */ = {
			isa = PBXGroup;
			children = (
				BA5213FB27EDC23300A631A7 /* Home */,
				BA52140227EDC56800A631A7 /* CharacterDetail */,
				BA587D5B27FC26FF000F8D8C /* Saved */,
			);
			path = UI;
			sourceTree = "<group>";
		};
		BA5213F627EDB9AB00A631A7 /* Models */ = {
			isa = PBXGroup;
			children = (
				BA5213F927EDBA6700A631A7 /* CharactersModel.swift */,
			);
			path = Models;
			sourceTree = "<group>";
		};
		BA5213FB27EDC23300A631A7 /* Home */ = {
			isa = PBXGroup;
			children = (
				BA52140727EDCCFC00A631A7 /* Cell */,
				BA5213FC27EDC24900A631A7 /* HomeViewController.swift */,
				BA5213FE27EDC26700A631A7 /* Home.storyboard */,
				BA52140027EDC2E600A631A7 /* HomeViewModel.swift */,
			);
			path = Home;
			sourceTree = "<group>";
		};
		BA52140227EDC56800A631A7 /* CharacterDetail */ = {
			isa = PBXGroup;
			children = (
				BA52140327EDC59B00A631A7 /* CharacterDetailViewController.swift */,
				BA52141327EDFAE700A631A7 /* CharacterDetailViewModel.swift */,
				BA52140527EDC5F000A631A7 /* CharacterDetail.storyboard */,
			);
			path = CharacterDetail;
			sourceTree = "<group>";
		};
		BA52140727EDCCFC00A631A7 /* Cell */ = {
			isa = PBXGroup;
			children = (
				BA52140C27EDCD3400A631A7 /* CharacterCell.swift */,
				BA52140D27EDCD3400A631A7 /* CharacterCell.xib */,
			);
			path = Cell;
			sourceTree = "<group>";
		};
		BA587D5B27FC26FF000F8D8C /* Saved */ = {
			isa = PBXGroup;
			children = (
				BA587D5C27FC2720000F8D8C /* Cell */,
				BA587D5D27FC2732000F8D8C /* Saved.storyboard */,
				BA587D5F27FC2741000F8D8C /* SavedViewController.swift */,
				BA587D6127FC2A42000F8D8C /* SavedViewModel.swift */,
			);
			path = Saved;
			sourceTree = "<group>";
		};
		BA587D5C27FC2720000F8D8C /* Cell */ = {
			isa = PBXGroup;
			children = (
				BA4F03A627FC4E2D0086E949 /* SavedCell.swift */,
				BA4F03A727FC4E2D0086E949 /* SavedCell.xib */,
			);
			path = Cell;
			sourceTree = "<group>";
		};
/* End PBXGroup section */

/* Begin PBXNativeTarget section */
		BA4F03AD27FD92990086E949 /* RickAndMortyAppTests */ = {
			isa = PBXNativeTarget;
			buildConfigurationList = BA4F03B427FD92990086E949 /* Build configuration list for PBXNativeTarget "RickAndMortyAppTests" */;
			buildPhases = (
				BA4F03AA27FD92990086E949 /* Sources */,
				BA4F03AB27FD92990086E949 /* Frameworks */,
				BA4F03AC27FD92990086E949 /* Resources */,
			);
			buildRules = (
			);
			dependencies = (
				BA4F03B327FD92990086E949 /* PBXTargetDependency */,
			);
			name = RickAndMortyAppTests;
			productName = RickAndMortyAppTests;
			productReference = BA4F03AE27FD92990086E949 /* RickAndMortyAppTests.xctest */;
			productType = "com.apple.product-type.bundle.unit-test";
		};
		BA5213DA27EDB98200A631A7 /* RickAndMortyApp */ = {
			isa = PBXNativeTarget;
			buildConfigurationList = BA5213EF27EDB98300A631A7 /* Build configuration list for PBXNativeTarget "RickAndMortyApp" */;
			buildPhases = (
				BA5213D727EDB98200A631A7 /* Sources */,
				BA5213D827EDB98200A631A7 /* Frameworks */,
				BA5213D927EDB98200A631A7 /* Resources */,
			);
			buildRules = (
			);
			dependencies = (
			);
			name = RickAndMortyApp;
			packageProductDependencies = (
				BA52141127EDDDCE00A631A7 /* SDWebImage */,
			);
			productName = RickAndMortyApp;
			productReference = BA5213DB27EDB98200A631A7 /* RickAndMortyApp.app */;
			productType = "com.apple.product-type.application";
		};
/* End PBXNativeTarget section */

/* Begin PBXProject section */
		BA5213D327EDB98200A631A7 /* Project object */ = {
			isa = PBXProject;
			attributes = {
				BuildIndependentTargetsInParallel = 1;
				LastSwiftUpdateCheck = 1320;
				LastUpgradeCheck = 1320;
				TargetAttributes = {
					BA4F03AD27FD92990086E949 = {
						CreatedOnToolsVersion = 13.2.1;
						TestTargetID = BA5213DA27EDB98200A631A7;
					};
					BA5213DA27EDB98200A631A7 = {
						CreatedOnToolsVersion = 13.2.1;
					};
				};
			};
			buildConfigurationList = BA5213D627EDB98200A631A7 /* Build configuration list for PBXProject "RickAndMortyApp" */;
			compatibilityVersion = "Xcode 13.0";
			developmentRegion = en;
			hasScannedForEncodings = 0;
			knownRegions = (
				en,
				Base,
			);
			mainGroup = BA5213D227EDB98200A631A7;
			packageReferences = (
				BA52141027EDDDCE00A631A7 /* XCRemoteSwiftPackageReference "SDWebImage" */,
			);
			productRefGroup = BA5213DC27EDB98200A631A7 /* Products */;
			projectDirPath = "";
			projectRoot = "";
			targets = (
				BA5213DA27EDB98200A631A7 /* RickAndMortyApp */,
				BA4F03AD27FD92990086E949 /* RickAndMortyAppTests */,
			);
		};
/* End PBXProject section */

/* Begin PBXResourcesBuildPhase section */
		BA4F03AC27FD92990086E949 /* Resources */ = {
			isa = PBXResourcesBuildPhase;
			buildActionMask = 2147483647;
			files = (
			);
			runOnlyForDeploymentPostprocessing = 0;
		};
		BA5213D927EDB98200A631A7 /* Resources */ = {
			isa = PBXResourcesBuildPhase;
			buildActionMask = 2147483647;
			files = (
				BA5213FF27EDC26700A631A7 /* Home.storyboard in Resources */,
				BA52140627EDC5F000A631A7 /* CharacterDetail.storyboard in Resources */,
				BA52140F27EDCD3400A631A7 /* CharacterCell.xib in Resources */,
				BA5213EB27EDB98300A631A7 /* LaunchScreen.storyboard in Resources */,
				BA4F03A927FC4E2D0086E949 /* SavedCell.xib in Resources */,
				BA587D5E27FC2732000F8D8C /* Saved.storyboard in Resources */,
				BA5213E827EDB98300A631A7 /* Assets.xcassets in Resources */,
			);
			runOnlyForDeploymentPostprocessing = 0;
		};
/* End PBXResourcesBuildPhase section */

/* Begin PBXSourcesBuildPhase section */
		BA4F03AA27FD92990086E949 /* Sources */ = {
			isa = PBXSourcesBuildPhase;
			buildActionMask = 2147483647;
			files = (
				BA4F03BD27FDA3BF0086E949 /* SavedViewModelTests.swift in Sources */,
				BA4F03BB27FD9BB90086E949 /* CharacterDetailViewModelTests.swift in Sources */,
				BA4F03B827FD92D70086E949 /* HomeViewModelTests.swift in Sources */,
			);
			runOnlyForDeploymentPostprocessing = 0;
		};
		BA5213D727EDB98200A631A7 /* Sources */ = {
			isa = PBXSourcesBuildPhase;
			buildActionMask = 2147483647;
			files = (
				BA5213FD27EDC24900A631A7 /* HomeViewController.swift in Sources */,
				BA4F03A827FC4E2D0086E949 /* SavedCell.swift in Sources */,
				BA52140127EDC2E600A631A7 /* HomeViewModel.swift in Sources */,
				BA5213DF27EDB98200A631A7 /* AppDelegate.swift in Sources */,
				BA52140E27EDCD3400A631A7 /* CharacterCell.swift in Sources */,
				BA5213F827EDB9D200A631A7 /* WebServices.swift in Sources */,
				BA587D6227FC2A42000F8D8C /* SavedViewModel.swift in Sources */,
				BA52140427EDC59B00A631A7 /* CharacterDetailViewController.swift in Sources */,
				BA52141427EDFAE700A631A7 /* CharacterDetailViewModel.swift in Sources */,
				BA4F03A527FC2ECD0086E949 /* CoreData.xcdatamodeld in Sources */,
				BA5213FA27EDBA6700A631A7 /* CharactersModel.swift in Sources */,
				BA587D6027FC2741000F8D8C /* SavedViewController.swift in Sources */,
				BA5213E127EDB98200A631A7 /* SceneDelegate.swift in Sources */,
			);
			runOnlyForDeploymentPostprocessing = 0;
		};
/* End PBXSourcesBuildPhase section */

/* Begin PBXTargetDependency section */
		BA4F03B327FD92990086E949 /* PBXTargetDependency */ = {
			isa = PBXTargetDependency;
			target = BA5213DA27EDB98200A631A7 /* RickAndMortyApp */;
			targetProxy = BA4F03B227FD92990086E949 /* PBXContainerItemProxy */;
		};
/* End PBXTargetDependency section */

/* Begin PBXVariantGroup section */
		BA5213E927EDB98300A631A7 /* LaunchScreen.storyboard */ = {
			isa = PBXVariantGroup;
			children = (
				BA5213EA27EDB98300A631A7 /* Base */,
			);
			name = LaunchScreen.storyboard;
			sourceTree = "<group>";
		};
/* End PBXVariantGroup section */

/* Begin XCBuildConfiguration section */
		BA4F03B527FD92990086E949 /* Debug */ = {
			isa = XCBuildConfiguration;
			buildSettings = {
				BUNDLE_LOADER = "$(TEST_HOST)";
				CODE_SIGN_STYLE = Automatic;
				CURRENT_PROJECT_VERSION = 1;
				DEVELOPMENT_TEAM = 3A8H2GTC36;
				GENERATE_INFOPLIST_FILE = YES;
				MARKETING_VERSION = 1.0;
				PRODUCT_BUNDLE_IDENTIFIER = com.kadanur.RickAndMortyAppTests;
				PRODUCT_NAME = "$(TARGET_NAME)";
				SWIFT_EMIT_LOC_STRINGS = NO;
				SWIFT_VERSION = 5.0;
				TARGETED_DEVICE_FAMILY = "1,2";
				TEST_HOST = "$(BUILT_PRODUCTS_DIR)/RickAndMortyApp.app/RickAndMortyApp";
			};
			name = Debug;
		};
		BA4F03B627FD92990086E949 /* Release */ = {
			isa = XCBuildConfiguration;
			buildSettings = {
				BUNDLE_LOADER = "$(TEST_HOST)";
				CODE_SIGN_STYLE = Automatic;
				CURRENT_PROJECT_VERSION = 1;
				DEVELOPMENT_TEAM = 3A8H2GTC36;
				GENERATE_INFOPLIST_FILE = YES;
				MARKETING_VERSION = 1.0;
				PRODUCT_BUNDLE_IDENTIFIER = com.kadanur.RickAndMortyAppTests;
				PRODUCT_NAME = "$(TARGET_NAME)";
				SWIFT_EMIT_LOC_STRINGS = NO;
				SWIFT_VERSION = 5.0;
				TARGETED_DEVICE_FAMILY = "1,2";
				TEST_HOST = "$(BUILT_PRODUCTS_DIR)/RickAndMortyApp.app/RickAndMortyApp";
			};
			name = Release;
		};
		BA5213ED27EDB98300A631A7 /* Debug */ = {
			isa = XCBuildConfiguration;
			buildSettings = {
				ALWAYS_SEARCH_USER_PATHS = NO;
				CLANG_ANALYZER_NONNULL = YES;
				CLANG_ANALYZER_NUMBER_OBJECT_CONVERSION = YES_AGGRESSIVE;
				CLANG_CXX_LANGUAGE_STANDARD = "gnu++17";
				CLANG_CXX_LIBRARY = "libc++";
				CLANG_ENABLE_MODULES = YES;
				CLANG_ENABLE_OBJC_ARC = YES;
				CLANG_ENABLE_OBJC_WEAK = YES;
				CLANG_WARN_BLOCK_CAPTURE_AUTORELEASING = YES;
				CLANG_WARN_BOOL_CONVERSION = YES;
				CLANG_WARN_COMMA = YES;
				CLANG_WARN_CONSTANT_CONVERSION = YES;
				CLANG_WARN_DEPRECATED_OBJC_IMPLEMENTATIONS = YES;
				CLANG_WARN_DIRECT_OBJC_ISA_USAGE = YES_ERROR;
				CLANG_WARN_DOCUMENTATION_COMMENTS = YES;
				CLANG_WARN_EMPTY_BODY = YES;
				CLANG_WARN_ENUM_CONVERSION = YES;
				CLANG_WARN_INFINITE_RECURSION = YES;
				CLANG_WARN_INT_CONVERSION = YES;
				CLANG_WARN_NON_LITERAL_NULL_CONVERSION = YES;
				CLANG_WARN_OBJC_IMPLICIT_RETAIN_SELF = YES;
				CLANG_WARN_OBJC_LITERAL_CONVERSION = YES;
				CLANG_WARN_OBJC_ROOT_CLASS = YES_ERROR;
				CLANG_WARN_QUOTED_INCLUDE_IN_FRAMEWORK_HEADER = YES;
				CLANG_WARN_RANGE_LOOP_ANALYSIS = YES;
				CLANG_WARN_STRICT_PROTOTYPES = YES;
				CLANG_WARN_SUSPICIOUS_MOVE = YES;
				CLANG_WARN_UNGUARDED_AVAILABILITY = YES_AGGRESSIVE;
				CLANG_WARN_UNREACHABLE_CODE = YES;
				CLANG_WARN__DUPLICATE_METHOD_MATCH = YES;
				COPY_PHASE_STRIP = NO;
				DEBUG_INFORMATION_FORMAT = dwarf;
				ENABLE_STRICT_OBJC_MSGSEND = YES;
				ENABLE_TESTABILITY = YES;
				GCC_C_LANGUAGE_STANDARD = gnu11;
				GCC_DYNAMIC_NO_PIC = NO;
				GCC_NO_COMMON_BLOCKS = YES;
				GCC_OPTIMIZATION_LEVEL = 0;
				GCC_PREPROCESSOR_DEFINITIONS = (
					"DEBUG=1",
					"$(inherited)",
				);
				GCC_WARN_64_TO_32_BIT_CONVERSION = YES;
				GCC_WARN_ABOUT_RETURN_TYPE = YES_ERROR;
				GCC_WARN_UNDECLARED_SELECTOR = YES;
				GCC_WARN_UNINITIALIZED_AUTOS = YES_AGGRESSIVE;
				GCC_WARN_UNUSED_FUNCTION = YES;
				GCC_WARN_UNUSED_VARIABLE = YES;
				IPHONEOS_DEPLOYMENT_TARGET = 15.2;
				MTL_ENABLE_DEBUG_INFO = INCLUDE_SOURCE;
				MTL_FAST_MATH = YES;
				ONLY_ACTIVE_ARCH = YES;
				SDKROOT = iphoneos;
				SWIFT_ACTIVE_COMPILATION_CONDITIONS = DEBUG;
				SWIFT_OPTIMIZATION_LEVEL = "-Onone";
			};
			name = Debug;
		};
		BA5213EE27EDB98300A631A7 /* Release */ = {
			isa = XCBuildConfiguration;
			buildSettings = {
				ALWAYS_SEARCH_USER_PATHS = NO;
				CLANG_ANALYZER_NONNULL = YES;
				CLANG_ANALYZER_NUMBER_OBJECT_CONVERSION = YES_AGGRESSIVE;
				CLANG_CXX_LANGUAGE_STANDARD = "gnu++17";
				CLANG_CXX_LIBRARY = "libc++";
				CLANG_ENABLE_MODULES = YES;
				CLANG_ENABLE_OBJC_ARC = YES;
				CLANG_ENABLE_OBJC_WEAK = YES;
				CLANG_WARN_BLOCK_CAPTURE_AUTORELEASING = YES;
				CLANG_WARN_BOOL_CONVERSION = YES;
				CLANG_WARN_COMMA = YES;
				CLANG_WARN_CONSTANT_CONVERSION = YES;
				CLANG_WARN_DEPRECATED_OBJC_IMPLEMENTATIONS = YES;
				CLANG_WARN_DIRECT_OBJC_ISA_USAGE = YES_ERROR;
				CLANG_WARN_DOCUMENTATION_COMMENTS = YES;
				CLANG_WARN_EMPTY_BODY = YES;
				CLANG_WARN_ENUM_CONVERSION = YES;
				CLANG_WARN_INFINITE_RECURSION = YES;
				CLANG_WARN_INT_CONVERSION = YES;
				CLANG_WARN_NON_LITERAL_NULL_CONVERSION = YES;
				CLANG_WARN_OBJC_IMPLICIT_RETAIN_SELF = YES;
				CLANG_WARN_OBJC_LITERAL_CONVERSION = YES;
				CLANG_WARN_OBJC_ROOT_CLASS = YES_ERROR;
				CLANG_WARN_QUOTED_INCLUDE_IN_FRAMEWORK_HEADER = YES;
				CLANG_WARN_RANGE_LOOP_ANALYSIS = YES;
				CLANG_WARN_STRICT_PROTOTYPES = YES;
				CLANG_WARN_SUSPICIOUS_MOVE = YES;
				CLANG_WARN_UNGUARDED_AVAILABILITY = YES_AGGRESSIVE;
				CLANG_WARN_UNREACHABLE_CODE = YES;
				CLANG_WARN__DUPLICATE_METHOD_MATCH = YES;
				COPY_PHASE_STRIP = NO;
				DEBUG_INFORMATION_FORMAT = "dwarf-with-dsym";
				ENABLE_NS_ASSERTIONS = NO;
				ENABLE_STRICT_OBJC_MSGSEND = YES;
				GCC_C_LANGUAGE_STANDARD = gnu11;
				GCC_NO_COMMON_BLOCKS = YES;
				GCC_WARN_64_TO_32_BIT_CONVERSION = YES;
				GCC_WARN_ABOUT_RETURN_TYPE = YES_ERROR;
				GCC_WARN_UNDECLARED_SELECTOR = YES;
				GCC_WARN_UNINITIALIZED_AUTOS = YES_AGGRESSIVE;
				GCC_WARN_UNUSED_FUNCTION = YES;
				GCC_WARN_UNUSED_VARIABLE = YES;
				IPHONEOS_DEPLOYMENT_TARGET = 15.2;
				MTL_ENABLE_DEBUG_INFO = NO;
				MTL_FAST_MATH = YES;
				SDKROOT = iphoneos;
				SWIFT_COMPILATION_MODE = wholemodule;
				SWIFT_OPTIMIZATION_LEVEL = "-O";
				VALIDATE_PRODUCT = YES;
			};
			name = Release;
		};
		BA5213F027EDB98300A631A7 /* Debug */ = {
			isa = XCBuildConfiguration;
			buildSettings = {
				ASSETCATALOG_COMPILER_APPICON_NAME = AppIcon;
				ASSETCATALOG_COMPILER_GLOBAL_ACCENT_COLOR_NAME = AccentColor;
				CODE_SIGN_STYLE = Automatic;
				CURRENT_PROJECT_VERSION = 1;
				DEVELOPMENT_TEAM = 3A8H2GTC36;
				GENERATE_INFOPLIST_FILE = YES;
				INFOPLIST_FILE = RickAndMortyApp/Supports/Info.plist;
				INFOPLIST_KEY_UIApplicationSupportsIndirectInputEvents = YES;
				INFOPLIST_KEY_UILaunchStoryboardName = LaunchScreen;
				INFOPLIST_KEY_UIMainStoryboardFile = Home;
				INFOPLIST_KEY_UISupportedInterfaceOrientations_iPad = "UIInterfaceOrientationPortrait UIInterfaceOrientationPortraitUpsideDown UIInterfaceOrientationLandscapeLeft UIInterfaceOrientationLandscapeRight";
				INFOPLIST_KEY_UISupportedInterfaceOrientations_iPhone = "UIInterfaceOrientationPortrait UIInterfaceOrientationLandscapeLeft UIInterfaceOrientationLandscapeRight";
				LD_RUNPATH_SEARCH_PATHS = (
					"$(inherited)",
					"@executable_path/Frameworks",
				);
				MARKETING_VERSION = 1.0;
				PRODUCT_BUNDLE_IDENTIFIER = com.kadanur.RickAndMortyApp;
				PRODUCT_NAME = "$(TARGET_NAME)";
				SWIFT_EMIT_LOC_STRINGS = YES;
				SWIFT_VERSION = 5.0;
				TARGETED_DEVICE_FAMILY = "1,2";
			};
			name = Debug;
		};
		BA5213F127EDB98300A631A7 /* Release */ = {
			isa = XCBuildConfiguration;
			buildSettings = {
				ASSETCATALOG_COMPILER_APPICON_NAME = AppIcon;
				ASSETCATALOG_COMPILER_GLOBAL_ACCENT_COLOR_NAME = AccentColor;
				CODE_SIGN_STYLE = Automatic;
				CURRENT_PROJECT_VERSION = 1;
				DEVELOPMENT_TEAM = 3A8H2GTC36;
				GENERATE_INFOPLIST_FILE = YES;
				INFOPLIST_FILE = RickAndMortyApp/Supports/Info.plist;
				INFOPLIST_KEY_UIApplicationSupportsIndirectInputEvents = YES;
				INFOPLIST_KEY_UILaunchStoryboardName = LaunchScreen;
				INFOPLIST_KEY_UIMainStoryboardFile = Home;
				INFOPLIST_KEY_UISupportedInterfaceOrientations_iPad = "UIInterfaceOrientationPortrait UIInterfaceOrientationPortraitUpsideDown UIInterfaceOrientationLandscapeLeft UIInterfaceOrientationLandscapeRight";
				INFOPLIST_KEY_UISupportedInterfaceOrientations_iPhone = "UIInterfaceOrientationPortrait UIInterfaceOrientationLandscapeLeft UIInterfaceOrientationLandscapeRight";
				LD_RUNPATH_SEARCH_PATHS = (
					"$(inherited)",
					"@executable_path/Frameworks",
				);
				MARKETING_VERSION = 1.0;
				PRODUCT_BUNDLE_IDENTIFIER = com.kadanur.RickAndMortyApp;
				PRODUCT_NAME = "$(TARGET_NAME)";
				SWIFT_EMIT_LOC_STRINGS = YES;
				SWIFT_VERSION = 5.0;
				TARGETED_DEVICE_FAMILY = "1,2";
			};
			name = Release;
		};
/* End XCBuildConfiguration section */

/* Begin XCConfigurationList section */
		BA4F03B427FD92990086E949 /* Build configuration list for PBXNativeTarget "RickAndMortyAppTests" */ = {
			isa = XCConfigurationList;
			buildConfigurations = (
				BA4F03B527FD92990086E949 /* Debug */,
				BA4F03B627FD92990086E949 /* Release */,
			);
			defaultConfigurationIsVisible = 0;
			defaultConfigurationName = Release;
		};
		BA5213D627EDB98200A631A7 /* Build configuration list for PBXProject "RickAndMortyApp" */ = {
			isa = XCConfigurationList;
			buildConfigurations = (
				BA5213ED27EDB98300A631A7 /* Debug */,
				BA5213EE27EDB98300A631A7 /* Release */,
			);
			defaultConfigurationIsVisible = 0;
			defaultConfigurationName = Release;
		};
		BA5213EF27EDB98300A631A7 /* Build configuration list for PBXNativeTarget "RickAndMortyApp" */ = {
			isa = XCConfigurationList;
			buildConfigurations = (
				BA5213F027EDB98300A631A7 /* Debug */,
				BA5213F127EDB98300A631A7 /* Release */,
			);
			defaultConfigurationIsVisible = 0;
			defaultConfigurationName = Release;
		};
/* End XCConfigurationList section */

/* Begin XCRemoteSwiftPackageReference section */
		BA52141027EDDDCE00A631A7 /* XCRemoteSwiftPackageReference "SDWebImage" */ = {
			isa = XCRemoteSwiftPackageReference;
			repositoryURL = "https://github.com/SDWebImage/SDWebImage";
			requirement = {
				kind = upToNextMajorVersion;
				minimumVersion = 5.0.0;
			};
		};
/* End XCRemoteSwiftPackageReference section */

/* Begin XCSwiftPackageProductDependency section */
		BA52141127EDDDCE00A631A7 /* SDWebImage */ = {
			isa = XCSwiftPackageProductDependency;
			package = BA52141027EDDDCE00A631A7 /* XCRemoteSwiftPackageReference "SDWebImage" */;
			productName = SDWebImage;
		};
/* End XCSwiftPackageProductDependency section */

/* Begin XCVersionGroup section */
		BA4F03A327FC2ECD0086E949 /* CoreData.xcdatamodeld */ = {
			isa = XCVersionGroup;
			children = (
				BA4F03A427FC2ECD0086E949 /* CoreData.xcdatamodel */,
			);
			currentVersion = BA4F03A427FC2ECD0086E949 /* CoreData.xcdatamodel */;
			path = CoreData.xcdatamodeld;
			sourceTree = "<group>";
			versionGroupType = wrapper.xcdatamodel;
		};
/* End XCVersionGroup section */
	};
	rootObject = BA5213D327EDB98200A631A7 /* Project object */;
}
